// !$*UTF8*$!
{
	archiveVersion = 1;
	classes = {
	};
	objectVersion = 50;
	objects = {

/* Begin PBXBuildFile section */
		330D03DC20E922DF00779006 /* IndexMngTester.cpp in Sources */ = {isa = PBXBuildFile; fileRef = 330D03D920E922DE00779006 /* IndexMngTester.cpp */; };
		330D03DD20E922DF00779006 /* main.cpp in Sources */ = {isa = PBXBuildFile; fileRef = 330D03DA20E922DE00779006 /* main.cpp */; };
		330D03DE20E922DF00779006 /* IndexInfoRegister.cpp in Sources */ = {isa = PBXBuildFile; fileRef = 330D03DB20E922DE00779006 /* IndexInfoRegister.cpp */; };
		330D03E320E9292D00779006 /* BM25Score.cpp in Sources */ = {isa = PBXBuildFile; fileRef = 330D03E120E9292D00779006 /* BM25Score.cpp */; };
/* End PBXBuildFile section */

/* Begin PBXCopyFilesBuildPhase section */
		330D03CD20E922B900779006 /* CopyFiles */ = {
			isa = PBXCopyFilesBuildPhase;
			buildActionMask = 2147483647;
			dstPath = /usr/share/man/man1/;
			dstSubfolderSpec = 0;
			files = (
			);
			runOnlyForDeploymentPostprocessing = 1;
		};
/* End PBXCopyFilesBuildPhase section */

/* Begin PBXFileReference section */
		330D03CF20E922B900779006 /* IndexMng */ = {isa = PBXFileReference; explicitFileType = "compiled.mach-o.executable"; includeInIndex = 0; path = IndexMng; sourceTree = BUILT_PRODUCTS_DIR; };
		330D03D920E922DE00779006 /* IndexMngTester.cpp */ = {isa = PBXFileReference; fileEncoding = 4; lastKnownFileType = sourcecode.cpp.cpp; name = IndexMngTester.cpp; path = ../../../../source/IndexMngTester.cpp; sourceTree = "<group>"; };
		330D03DA20E922DE00779006 /* main.cpp */ = {isa = PBXFileReference; fileEncoding = 4; lastKnownFileType = sourcecode.cpp.cpp; name = main.cpp; path = ../../../../source/main.cpp; sourceTree = "<group>"; };
		330D03DB20E922DE00779006 /* IndexInfoRegister.cpp */ = {isa = PBXFileReference; fileEncoding = 4; lastKnownFileType = sourcecode.cpp.cpp; name = IndexInfoRegister.cpp; path = ../../../../source/IndexInfoRegister.cpp; sourceTree = "<group>"; };
		330D03DF20E922FC00779006 /* IndexDLL.h */ = {isa = PBXFileReference; fileEncoding = 4; lastKnownFileType = sourcecode.c.h; name = IndexDLL.h; path = ../../../../pubh/IndexDLL.h; sourceTree = "<group>"; };
		330D03E020E922FC00779006 /* IndexMng.h */ = {isa = PBXFileReference; fileEncoding = 4; lastKnownFileType = sourcecode.c.h; name = IndexMng.h; path = ../../../../pubh/IndexMng.h; sourceTree = "<group>"; };
		330D03E120E9292D00779006 /* BM25Score.cpp */ = {isa = PBXFileReference; lastKnownFileType = sourcecode.cpp.cpp; name = BM25Score.cpp; path = ../../../../source/BM25Score.cpp; sourceTree = "<group>"; };
		330D03E220E9292D00779006 /* BM25Score.h */ = {isa = PBXFileReference; lastKnownFileType = sourcecode.c.h; name = BM25Score.h; path = ../../../../source/BM25Score.h; sourceTree = "<group>"; };
/* End PBXFileReference section */

/* Begin PBXFrameworksBuildPhase section */
		330D03CC20E922B900779006 /* Frameworks */ = {
			isa = PBXFrameworksBuildPhase;
			buildActionMask = 2147483647;
			files = (
			);
			runOnlyForDeploymentPostprocessing = 0;
		};
/* End PBXFrameworksBuildPhase section */

/* Begin PBXGroup section */
		330D03C620E922B900779006 = {
			isa = PBXGroup;
			children = (
				330D03D120E922B900779006 /* IndexMng */,
				330D03D020E922B900779006 /* Products */,
			);
			sourceTree = "<group>";
		};
		330D03D020E922B900779006 /* Products */ = {
			isa = PBXGroup;
			children = (
				330D03CF20E922B900779006 /* IndexMng */,
			);
			name = Products;
			sourceTree = "<group>";
		};
		330D03D120E922B900779006 /* IndexMng */ = {
			isa = PBXGroup;
			children = (
				330D03DF20E922FC00779006 /* IndexDLL.h */,
				330D03E020E922FC00779006 /* IndexMng.h */,
				330D03DB20E922DE00779006 /* IndexInfoRegister.cpp */,
				330D03D920E922DE00779006 /* IndexMngTester.cpp */,
				330D03DA20E922DE00779006 /* main.cpp */,
				330D03E120E9292D00779006 /* BM25Score.cpp */,
				330D03E220E9292D00779006 /* BM25Score.h */,
			);
			path = IndexMng;
			sourceTree = "<group>";
		};
/* End PBXGroup section */

/* Begin PBXNativeTarget section */
		330D03CE20E922B900779006 /* IndexMng */ = {
			isa = PBXNativeTarget;
			buildConfigurationList = 330D03D620E922B900779006 /* Build configuration list for PBXNativeTarget "IndexMng" */;
			buildPhases = (
				330D03CB20E922B900779006 /* Sources */,
				330D03CC20E922B900779006 /* Frameworks */,
				330D03CD20E922B900779006 /* CopyFiles */,
			);
			buildRules = (
			);
			dependencies = (
			);
			name = IndexMng;
			productName = IndexMng;
			productReference = 330D03CF20E922B900779006 /* IndexMng */;
			productType = "com.apple.product-type.tool";
		};
/* End PBXNativeTarget section */

/* Begin PBXProject section */
		330D03C720E922B900779006 /* Project object */ = {
			isa = PBXProject;
			attributes = {
				LastUpgradeCheck = 0930;
				ORGANIZATIONNAME = "刘进谋";
				TargetAttributes = {
					330D03CE20E922B900779006 = {
						CreatedOnToolsVersion = 9.3.1;
					};
				};
			};
			buildConfigurationList = 330D03CA20E922B900779006 /* Build configuration list for PBXProject "IndexMng" */;
			compatibilityVersion = "Xcode 9.3";
			developmentRegion = en;
			hasScannedForEncodings = 0;
			knownRegions = (
				en,
			);
			mainGroup = 330D03C620E922B900779006;
			productRefGroup = 330D03D020E922B900779006 /* Products */;
			projectDirPath = "";
			projectRoot = "";
			targets = (
				330D03CE20E922B900779006 /* IndexMng */,
			);
		};
/* End PBXProject section */

/* Begin PBXSourcesBuildPhase section */
		330D03CB20E922B900779006 /* Sources */ = {
			isa = PBXSourcesBuildPhase;
			buildActionMask = 2147483647;
			files = (
				330D03E320E9292D00779006 /* BM25Score.cpp in Sources */,
				330D03DC20E922DF00779006 /* IndexMngTester.cpp in Sources */,
				330D03DD20E922DF00779006 /* main.cpp in Sources */,
				330D03DE20E922DF00779006 /* IndexInfoRegister.cpp in Sources */,
			);
			runOnlyForDeploymentPostprocessing = 0;
		};
/* End PBXSourcesBuildPhase section */

/* Begin XCBuildConfiguration section */
		330D03D420E922B900779006 /* Debug */ = {
			isa = XCBuildConfiguration;
			buildSettings = {
				ALWAYS_SEARCH_USER_PATHS = NO;
				CLANG_ANALYZER_NONNULL = YES;
				CLANG_ANALYZER_NUMBER_OBJECT_CONVERSION = YES_AGGRESSIVE;
				CLANG_CXX_LANGUAGE_STANDARD = "gnu++14";
				CLANG_CXX_LIBRARY = "libc++";
				CLANG_ENABLE_MODULES = YES;
				CLANG_ENABLE_OBJC_ARC = YES;
				CLANG_ENABLE_OBJC_WEAK = YES;
				CLANG_WARN_BLOCK_CAPTURE_AUTORELEASING = YES;
				CLANG_WARN_BOOL_CONVERSION = YES;
				CLANG_WARN_COMMA = YES;
				CLANG_WARN_CONSTANT_CONVERSION = YES;
				CLANG_WARN_DEPRECATED_OBJC_IMPLEMENTATIONS = YES;
				CLANG_WARN_DIRECT_OBJC_ISA_USAGE = YES_ERROR;
				CLANG_WARN_DOCUMENTATION_COMMENTS = YES;
				CLANG_WARN_EMPTY_BODY = YES;
				CLANG_WARN_ENUM_CONVERSION = YES;
				CLANG_WARN_INFINITE_RECURSION = YES;
				CLANG_WARN_INT_CONVERSION = YES;
				CLANG_WARN_NON_LITERAL_NULL_CONVERSION = YES;
				CLANG_WARN_OBJC_IMPLICIT_RETAIN_SELF = YES;
				CLANG_WARN_OBJC_LITERAL_CONVERSION = YES;
				CLANG_WARN_OBJC_ROOT_CLASS = YES_ERROR;
				CLANG_WARN_RANGE_LOOP_ANALYSIS = YES;
				CLANG_WARN_STRICT_PROTOTYPES = YES;
				CLANG_WARN_SUSPICIOUS_MOVE = YES;
				CLANG_WARN_UNGUARDED_AVAILABILITY = YES_AGGRESSIVE;
				CLANG_WARN_UNREACHABLE_CODE = YES;
				CLANG_WARN__DUPLICATE_METHOD_MATCH = YES;
				CODE_SIGN_IDENTITY = "-";
				COPY_PHASE_STRIP = NO;
				DEBUG_INFORMATION_FORMAT = dwarf;
				ENABLE_STRICT_OBJC_MSGSEND = YES;
				ENABLE_TESTABILITY = YES;
				GCC_C_LANGUAGE_STANDARD = gnu11;
				GCC_DYNAMIC_NO_PIC = NO;
				GCC_NO_COMMON_BLOCKS = YES;
				GCC_OPTIMIZATION_LEVEL = 0;
				GCC_PREPROCESSOR_DEFINITIONS = (
					"DEBUG=1",
					"$(inherited)",
				);
				GCC_WARN_64_TO_32_BIT_CONVERSION = YES;
				GCC_WARN_ABOUT_RETURN_TYPE = YES_ERROR;
				GCC_WARN_UNDECLARED_SELECTOR = YES;
				GCC_WARN_UNINITIALIZED_AUTOS = YES_AGGRESSIVE;
				GCC_WARN_UNUSED_FUNCTION = YES;
				GCC_WARN_UNUSED_VARIABLE = YES;
				MACOSX_DEPLOYMENT_TARGET = 10.13;
				MTL_ENABLE_DEBUG_INFO = YES;
				ONLY_ACTIVE_ARCH = YES;
				SDKROOT = macosx;
				"USER_HEADER_SEARCH_PATHS[arch=*]" = ../../../pubh;
			};
			name = Debug;
		};
		330D03D520E922B900779006 /* Release */ = {
			isa = XCBuildConfiguration;
			buildSettings = {
				ALWAYS_SEARCH_USER_PATHS = NO;
				CLANG_ANALYZER_NONNULL = YES;
				CLANG_ANALYZER_NUMBER_OBJECT_CONVERSION = YES_AGGRESSIVE;
				CLANG_CXX_LANGUAGE_STANDARD = "gnu++14";
				CLANG_CXX_LIBRARY = "libc++";
				CLANG_ENABLE_MODULES = YES;
				CLANG_ENABLE_OBJC_ARC = YES;
				CLANG_ENABLE_OBJC_WEAK = YES;
				CLANG_WARN_BLOCK_CAPTURE_AUTORELEASING = YES;
				CLANG_WARN_BOOL_CONVERSION = YES;
				CLANG_WARN_COMMA = YES;
				CLANG_WARN_CONSTANT_CONVERSION = YES;
				CLANG_WARN_DEPRECATED_OBJC_IMPLEMENTATIONS = YES;
				CLANG_WARN_DIRECT_OBJC_ISA_USAGE = YES_ERROR;
				CLANG_WARN_DOCUMENTATION_COMMENTS = YES;
				CLANG_WARN_EMPTY_BODY = YES;
				CLANG_WARN_ENUM_CONVERSION = YES;
				CLANG_WARN_INFINITE_RECURSION = YES;
				CLANG_WARN_INT_CONVERSION = YES;
				CLANG_WARN_NON_LITERAL_NULL_CONVERSION = YES;
				CLANG_WARN_OBJC_IMPLICIT_RETAIN_SELF = YES;
				CLANG_WARN_OBJC_LITERAL_CONVERSION = YES;
				CLANG_WARN_OBJC_ROOT_CLASS = YES_ERROR;
				CLANG_WARN_RANGE_LOOP_ANALYSIS = YES;
				CLANG_WARN_STRICT_PROTOTYPES = YES;
				CLANG_WARN_SUSPICIOUS_MOVE = YES;
				CLANG_WARN_UNGUARDED_AVAILABILITY = YES_AGGRESSIVE;
				CLANG_WARN_UNREACHABLE_CODE = YES;
				CLANG_WARN__DUPLICATE_METHOD_MATCH = YES;
				CODE_SIGN_IDENTITY = "-";
				COPY_PHASE_STRIP = NO;
				DEBUG_INFORMATION_FORMAT = "dwarf-with-dsym";
				ENABLE_NS_ASSERTIONS = NO;
				ENABLE_STRICT_OBJC_MSGSEND = YES;
				GCC_C_LANGUAGE_STANDARD = gnu11;
				GCC_NO_COMMON_BLOCKS = YES;
				GCC_WARN_64_TO_32_BIT_CONVERSION = YES;
				GCC_WARN_ABOUT_RETURN_TYPE = YES_ERROR;
				GCC_WARN_UNDECLARED_SELECTOR = YES;
				GCC_WARN_UNINITIALIZED_AUTOS = YES_AGGRESSIVE;
				GCC_WARN_UNUSED_FUNCTION = YES;
				GCC_WARN_UNUSED_VARIABLE = YES;
				MACOSX_DEPLOYMENT_TARGET = 10.13;
				MTL_ENABLE_DEBUG_INFO = NO;
				SDKROOT = macosx;
				"USER_HEADER_SEARCH_PATHS[arch=*]" = ../../../pubh;
			};
			name = Release;
		};
		330D03D720E922B900779006 /* Debug */ = {
			isa = XCBuildConfiguration;
			buildSettings = {
				CODE_SIGN_STYLE = Automatic;
				PRODUCT_NAME = "$(TARGET_NAME)";
			};
			name = Debug;
		};
		330D03D820E922B900779006 /* Release */ = {
			isa = XCBuildConfiguration;
			buildSettings = {
				CODE_SIGN_STYLE = Automatic;
				PRODUCT_NAME = "$(TARGET_NAME)";
			};
			name = Release;
		};
/* End XCBuildConfiguration section */

/* Begin XCConfigurationList section */
		330D03CA20E922B900779006 /* Build configuration list for PBXProject "IndexMng" */ = {
			isa = XCConfigurationList;
			buildConfigurations = (
				330D03D420E922B900779006 /* Debug */,
				330D03D520E922B900779006 /* Release */,
			);
			defaultConfigurationIsVisible = 0;
			defaultConfigurationName = Release;
		};
		330D03D620E922B900779006 /* Build configuration list for PBXNativeTarget "IndexMng" */ = {
			isa = XCConfigurationList;
			buildConfigurations = (
				330D03D720E922B900779006 /* Debug */,
				330D03D820E922B900779006 /* Release */,
			);
			defaultConfigurationIsVisible = 0;
			defaultConfigurationName = Release;
		};
/* End XCConfigurationList section */
	};
	rootObject = 330D03C720E922B900779006 /* Project object */;
}
